// !$*UTF8*$!
{
	archiveVersion = 1;
	classes = {
	};
	objectVersion = 46;
	objects = {

/* Begin PBXBuildFile section */
		0190D07C08664DD3AA7F5656 /* libPods.a in Frameworks */ = {isa = PBXBuildFile; fileRef = 21D413875A466012108F0463 /* libPods.a */; };
		4393CFF71C72334700AB67C2 /* PTEQueueManager.m in Sources */ = {isa = PBXBuildFile; fileRef = 4393CFF61C72334700AB67C2 /* PTEQueueManager.m */; };
		4393D0011C7234C500AB67C2 /* PTEQuestionsRetrievalOperation.m in Sources */ = {isa = PBXBuildFile; fileRef = 4393CFFE1C7234C500AB67C2 /* PTEQuestionsRetrievalOperation.m */; };
		4393D0041C7236F800AB67C2 /* PTEQuestionParser.m in Sources */ = {isa = PBXBuildFile; fileRef = 4393D0031C7236F800AB67C2 /* PTEQuestionParser.m */; };
		F40487E41C6D3B7A00DAEF2D /* PaginationThrowAwayExampleTests.m in Sources */ = {isa = PBXBuildFile; fileRef = F40487E31C6D3B7A00DAEF2D /* PaginationThrowAwayExampleTests.m */; };
		F40488001C6D3C1700DAEF2D /* AppDelegate.m in Sources */ = {isa = PBXBuildFile; fileRef = F40487F01C6D3C1700DAEF2D /* AppDelegate.m */; };
		F40488011C6D3C1700DAEF2D /* Assets.xcassets in Resources */ = {isa = PBXBuildFile; fileRef = F40487F31C6D3C1700DAEF2D /* Assets.xcassets */; };
		F40488021C6D3C1700DAEF2D /* LaunchScreen.storyboard in Resources */ = {isa = PBXBuildFile; fileRef = F40487F51C6D3C1700DAEF2D /* LaunchScreen.storyboard */; };
		F40488041C6D3C1700DAEF2D /* Info.plist in Resources */ = {isa = PBXBuildFile; fileRef = F40487FA1C6D3C1700DAEF2D /* Info.plist */; };
		F40488051C6D3C1700DAEF2D /* main.m in Sources */ = {isa = PBXBuildFile; fileRef = F40487FB1C6D3C1700DAEF2D /* main.m */; };
		F40488061C6D3C1700DAEF2D /* PTEQuestionViewController.m in Sources */ = {isa = PBXBuildFile; fileRef = F40487FF1C6D3C1700DAEF2D /* PTEQuestionViewController.m */; };
		F404880E1C6D421300DAEF2D /* PTEQuestionTableViewCell.m in Sources */ = {isa = PBXBuildFile; fileRef = F404880D1C6D421300DAEF2D /* PTEQuestionTableViewCell.m */; };
		F40488131C6D431800DAEF2D /* PTEQuestionsAPIManager.m in Sources */ = {isa = PBXBuildFile; fileRef = F40488121C6D431800DAEF2D /* PTEQuestionsAPIManager.m */; };
		F404881A1C6D44B500DAEF2D /* PTEFeed.m in Sources */ = {isa = PBXBuildFile; fileRef = F40488191C6D44B500DAEF2D /* PTEFeed.m */; };
		F404881D1C6D44BF00DAEF2D /* PTEPage.m in Sources */ = {isa = PBXBuildFile; fileRef = F404881C1C6D44BF00DAEF2D /* PTEPage.m */; };
		F40488201C6D44CC00DAEF2D /* PTEQuestion.m in Sources */ = {isa = PBXBuildFile; fileRef = F404881F1C6D44CC00DAEF2D /* PTEQuestion.m */; };
		F47510561C7A3C4500C6E3D1 /* PTETableViewPaginatingView.m in Sources */ = {isa = PBXBuildFile; fileRef = F47510551C7A3C4500C6E3D1 /* PTETableViewPaginatingView.m */; };
/* End PBXBuildFile section */

/* Begin PBXContainerItemProxy section */
		F40487E01C6D3B7A00DAEF2D /* PBXContainerItemProxy */ = {
			isa = PBXContainerItemProxy;
			containerPortal = F40487BE1C6D3B7A00DAEF2D /* Project object */;
			proxyType = 1;
			remoteGlobalIDString = F40487C51C6D3B7A00DAEF2D;
			remoteInfo = PaginationThrowAwayExample;
		};
/* End PBXContainerItemProxy section */

/* Begin PBXFileReference section */
		21D413875A466012108F0463 /* libPods.a */ = {isa = PBXFileReference; explicitFileType = archive.ar; includeInIndex = 0; path = libPods.a; sourceTree = BUILT_PRODUCTS_DIR; };
		231F499312CACD1767AA4D17 /* Pods.release.xcconfig */ = {isa = PBXFileReference; includeInIndex = 1; lastKnownFileType = text.xcconfig; name = Pods.release.xcconfig; path = "Pods/Target Support Files/Pods/Pods.release.xcconfig"; sourceTree = "<group>"; };
		4393CFF51C72334700AB67C2 /* PTEQueueManager.h */ = {isa = PBXFileReference; fileEncoding = 4; lastKnownFileType = sourcecode.c.h; path = PTEQueueManager.h; sourceTree = "<group>"; };
		4393CFF61C72334700AB67C2 /* PTEQueueManager.m */ = {isa = PBXFileReference; fileEncoding = 4; lastKnownFileType = sourcecode.c.objc; path = PTEQueueManager.m; sourceTree = "<group>"; };
		4393CFFD1C7234C500AB67C2 /* PTEQuestionsRetrievalOperation.h */ = {isa = PBXFileReference; fileEncoding = 4; lastKnownFileType = sourcecode.c.h; path = PTEQuestionsRetrievalOperation.h; sourceTree = "<group>"; };
		4393CFFE1C7234C500AB67C2 /* PTEQuestionsRetrievalOperation.m */ = {isa = PBXFileReference; fileEncoding = 4; lastKnownFileType = sourcecode.c.objc; path = PTEQuestionsRetrievalOperation.m; sourceTree = "<group>"; };
		4393D0021C7236F800AB67C2 /* PTEQuestionParser.h */ = {isa = PBXFileReference; fileEncoding = 4; lastKnownFileType = sourcecode.c.h; path = PTEQuestionParser.h; sourceTree = "<group>"; };
		4393D0031C7236F800AB67C2 /* PTEQuestionParser.m */ = {isa = PBXFileReference; fileEncoding = 4; lastKnownFileType = sourcecode.c.objc; path = PTEQuestionParser.m; sourceTree = "<group>"; };
		77121B225FE12256D2CB9AD4 /* Pods.debug.xcconfig */ = {isa = PBXFileReference; includeInIndex = 1; lastKnownFileType = text.xcconfig; name = Pods.debug.xcconfig; path = "Pods/Target Support Files/Pods/Pods.debug.xcconfig"; sourceTree = "<group>"; };
		F40487C61C6D3B7A00DAEF2D /* PaginationThrowAwayExample.app */ = {isa = PBXFileReference; explicitFileType = wrapper.application; includeInIndex = 0; path = PaginationThrowAwayExample.app; sourceTree = BUILT_PRODUCTS_DIR; };
		F40487DF1C6D3B7A00DAEF2D /* PaginationThrowAwayExampleTests.xctest */ = {isa = PBXFileReference; explicitFileType = wrapper.cfbundle; includeInIndex = 0; path = PaginationThrowAwayExampleTests.xctest; sourceTree = BUILT_PRODUCTS_DIR; };
		F40487E31C6D3B7A00DAEF2D /* PaginationThrowAwayExampleTests.m */ = {isa = PBXFileReference; lastKnownFileType = sourcecode.c.objc; path = PaginationThrowAwayExampleTests.m; sourceTree = "<group>"; };
		F40487E51C6D3B7A00DAEF2D /* Info.plist */ = {isa = PBXFileReference; lastKnownFileType = text.plist.xml; path = Info.plist; sourceTree = "<group>"; };
		F40487EF1C6D3C1700DAEF2D /* AppDelegate.h */ = {isa = PBXFileReference; fileEncoding = 4; lastKnownFileType = sourcecode.c.h; path = AppDelegate.h; sourceTree = "<group>"; };
		F40487F01C6D3C1700DAEF2D /* AppDelegate.m */ = {isa = PBXFileReference; fileEncoding = 4; lastKnownFileType = sourcecode.c.objc; path = AppDelegate.m; sourceTree = "<group>"; };
		F40487F31C6D3C1700DAEF2D /* Assets.xcassets */ = {isa = PBXFileReference; lastKnownFileType = folder.assetcatalog; path = Assets.xcassets; sourceTree = "<group>"; };
		F40487F61C6D3C1700DAEF2D /* Base */ = {isa = PBXFileReference; lastKnownFileType = file.storyboard; name = Base; path = Base.lproj/LaunchScreen.storyboard; sourceTree = "<group>"; };
		F40487FA1C6D3C1700DAEF2D /* Info.plist */ = {isa = PBXFileReference; fileEncoding = 4; lastKnownFileType = text.plist.xml; path = Info.plist; sourceTree = "<group>"; };
		F40487FB1C6D3C1700DAEF2D /* main.m */ = {isa = PBXFileReference; fileEncoding = 4; lastKnownFileType = sourcecode.c.objc; path = main.m; sourceTree = "<group>"; };
		F40487FE1C6D3C1700DAEF2D /* PTEQuestionViewController.h */ = {isa = PBXFileReference; fileEncoding = 4; lastKnownFileType = sourcecode.c.h; path = PTEQuestionViewController.h; sourceTree = "<group>"; };
		F40487FF1C6D3C1700DAEF2D /* PTEQuestionViewController.m */ = {isa = PBXFileReference; fileEncoding = 4; lastKnownFileType = sourcecode.c.objc; path = PTEQuestionViewController.m; sourceTree = "<group>"; };
		F404880C1C6D421300DAEF2D /* PTEQuestionTableViewCell.h */ = {isa = PBXFileReference; fileEncoding = 4; lastKnownFileType = sourcecode.c.h; path = PTEQuestionTableViewCell.h; sourceTree = "<group>"; };
		F404880D1C6D421300DAEF2D /* PTEQuestionTableViewCell.m */ = {isa = PBXFileReference; fileEncoding = 4; lastKnownFileType = sourcecode.c.objc; path = PTEQuestionTableViewCell.m; sourceTree = "<group>"; };
		F40488111C6D431800DAEF2D /* PTEQuestionsAPIManager.h */ = {isa = PBXFileReference; fileEncoding = 4; lastKnownFileType = sourcecode.c.h; path = PTEQuestionsAPIManager.h; sourceTree = "<group>"; };
		F40488121C6D431800DAEF2D /* PTEQuestionsAPIManager.m */ = {isa = PBXFileReference; fileEncoding = 4; lastKnownFileType = sourcecode.c.objc; path = PTEQuestionsAPIManager.m; sourceTree = "<group>"; };
		F40488181C6D44B500DAEF2D /* PTEFeed.h */ = {isa = PBXFileReference; fileEncoding = 4; lastKnownFileType = sourcecode.c.h; path = PTEFeed.h; sourceTree = "<group>"; };
		F40488191C6D44B500DAEF2D /* PTEFeed.m */ = {isa = PBXFileReference; fileEncoding = 4; lastKnownFileType = sourcecode.c.objc; path = PTEFeed.m; sourceTree = "<group>"; };
		F404881B1C6D44BF00DAEF2D /* PTEPage.h */ = {isa = PBXFileReference; fileEncoding = 4; lastKnownFileType = sourcecode.c.h; path = PTEPage.h; sourceTree = "<group>"; };
		F404881C1C6D44BF00DAEF2D /* PTEPage.m */ = {isa = PBXFileReference; fileEncoding = 4; lastKnownFileType = sourcecode.c.objc; path = PTEPage.m; sourceTree = "<group>"; };
		F404881E1C6D44CC00DAEF2D /* PTEQuestion.h */ = {isa = PBXFileReference; fileEncoding = 4; lastKnownFileType = sourcecode.c.h; path = PTEQuestion.h; sourceTree = "<group>"; };
		F404881F1C6D44CC00DAEF2D /* PTEQuestion.m */ = {isa = PBXFileReference; fileEncoding = 4; lastKnownFileType = sourcecode.c.objc; path = PTEQuestion.m; sourceTree = "<group>"; };
		F47510541C7A3C4500C6E3D1 /* PTETableViewPaginatingView.h */ = {isa = PBXFileReference; fileEncoding = 4; lastKnownFileType = sourcecode.c.h; path = PTETableViewPaginatingView.h; sourceTree = "<group>"; };
		F47510551C7A3C4500C6E3D1 /* PTETableViewPaginatingView.m */ = {isa = PBXFileReference; fileEncoding = 4; lastKnownFileType = sourcecode.c.objc; path = PTETableViewPaginatingView.m; sourceTree = "<group>"; };
/* End PBXFileReference section */

/* Begin PBXFrameworksBuildPhase section */
		F40487C31C6D3B7A00DAEF2D /* Frameworks */ = {
			isa = PBXFrameworksBuildPhase;
			buildActionMask = 2147483647;
			files = (
				0190D07C08664DD3AA7F5656 /* libPods.a in Frameworks */,
			);
			runOnlyForDeploymentPostprocessing = 0;
		};
		F40487DC1C6D3B7A00DAEF2D /* Frameworks */ = {
			isa = PBXFrameworksBuildPhase;
			buildActionMask = 2147483647;
			files = (
			);
			runOnlyForDeploymentPostprocessing = 0;
		};
/* End PBXFrameworksBuildPhase section */

/* Begin PBXGroup section */
		1650C48FA07AE43151B0AEE7 /* Frameworks */ = {
			isa = PBXGroup;
			children = (
				21D413875A466012108F0463 /* libPods.a */,
			);
			name = Frameworks;
			sourceTree = "<group>";
		};
		4393CFF31C72332F00AB67C2 /* Managers */ = {
			isa = PBXGroup;
			children = (
				4393CFF41C72332F00AB67C2 /* QueueManager */,
			);
			path = Managers;
			sourceTree = "<group>";
		};
		4393CFF41C72332F00AB67C2 /* QueueManager */ = {
			isa = PBXGroup;
			children = (
				4393CFF51C72334700AB67C2 /* PTEQueueManager.h */,
				4393CFF61C72334700AB67C2 /* PTEQueueManager.m */,
			);
			path = QueueManager;
			sourceTree = "<group>";
		};
		4393CFFB1C7234C500AB67C2 /* Operations */ = {
			isa = PBXGroup;
			children = (
				4393CFFC1C7234C500AB67C2 /* Retrieval */,
			);
			path = Operations;
			sourceTree = "<group>";
		};
		4393CFFC1C7234C500AB67C2 /* Retrieval */ = {
			isa = PBXGroup;
			children = (
				4393CFFD1C7234C500AB67C2 /* PTEQuestionsRetrievalOperation.h */,
				4393CFFE1C7234C500AB67C2 /* PTEQuestionsRetrievalOperation.m */,
			);
			path = Retrieval;
			sourceTree = "<group>";
		};
		4393CFFF1C7234C500AB67C2 /* Parser */ = {
			isa = PBXGroup;
			children = (
				4393D0001C7234C500AB67C2 /* Question */,
			);
			path = Parser;
			sourceTree = "<group>";
		};
		4393D0001C7234C500AB67C2 /* Question */ = {
			isa = PBXGroup;
			children = (
				4393D0021C7236F800AB67C2 /* PTEQuestionParser.h */,
				4393D0031C7236F800AB67C2 /* PTEQuestionParser.m */,
			);
			path = Question;
			sourceTree = "<group>";
		};
		47F6B3517E8F53AE3B551D61 /* Pods */ = {
			isa = PBXGroup;
			children = (
				77121B225FE12256D2CB9AD4 /* Pods.debug.xcconfig */,
				231F499312CACD1767AA4D17 /* Pods.release.xcconfig */,
			);
			name = Pods;
			sourceTree = "<group>";
		};
		F40487BD1C6D3B7A00DAEF2D = {
			isa = PBXGroup;
			children = (
				F40487C81C6D3B7A00DAEF2D /* PaginationThrowAwayExample */,
				F40487E21C6D3B7A00DAEF2D /* PaginationThrowAwayExampleTests */,
				F40487C71C6D3B7A00DAEF2D /* Products */,
				47F6B3517E8F53AE3B551D61 /* Pods */,
				1650C48FA07AE43151B0AEE7 /* Frameworks */,
			);
			sourceTree = "<group>";
		};
		F40487C71C6D3B7A00DAEF2D /* Products */ = {
			isa = PBXGroup;
			children = (
				F40487C61C6D3B7A00DAEF2D /* PaginationThrowAwayExample.app */,
				F40487DF1C6D3B7A00DAEF2D /* PaginationThrowAwayExampleTests.xctest */,
			);
			name = Products;
			sourceTree = "<group>";
		};
		F40487C81C6D3B7A00DAEF2D /* PaginationThrowAwayExample */ = {
			isa = PBXGroup;
			children = (
				F40487EE1C6D3C1700DAEF2D /* AppDelegate */,
				4393CFF31C72332F00AB67C2 /* Managers */,
				F40488141C6D44A400DAEF2D /* Model */,
				F404880F1C6D424100DAEF2D /* Networking */,
				F40487F11C6D3C1700DAEF2D /* Resources */,
				F40487F91C6D3C1700DAEF2D /* SupportingFiles */,
				F40487FC1C6D3C1700DAEF2D /* ViewControllers */,
			);
			path = PaginationThrowAwayExample;
			sourceTree = "<group>";
		};
		F40487E21C6D3B7A00DAEF2D /* PaginationThrowAwayExampleTests */ = {
			isa = PBXGroup;
			children = (
				F40487E31C6D3B7A00DAEF2D /* PaginationThrowAwayExampleTests.m */,
				F40487E51C6D3B7A00DAEF2D /* Info.plist */,
			);
			path = PaginationThrowAwayExampleTests;
			sourceTree = "<group>";
		};
		F40487EE1C6D3C1700DAEF2D /* AppDelegate */ = {
			isa = PBXGroup;
			children = (
				F40487EF1C6D3C1700DAEF2D /* AppDelegate.h */,
				F40487F01C6D3C1700DAEF2D /* AppDelegate.m */,
			);
			path = AppDelegate;
			sourceTree = "<group>";
		};
		F40487F11C6D3C1700DAEF2D /* Resources */ = {
			isa = PBXGroup;
			children = (
				F40487F21C6D3C1700DAEF2D /* Images */,
				F40487F41C6D3C1700DAEF2D /* Storyboards */,
			);
			path = Resources;
			sourceTree = "<group>";
		};
		F40487F21C6D3C1700DAEF2D /* Images */ = {
			isa = PBXGroup;
			children = (
				F40487F31C6D3C1700DAEF2D /* Assets.xcassets */,
			);
			path = Images;
			sourceTree = "<group>";
		};
		F40487F41C6D3C1700DAEF2D /* Storyboards */ = {
			isa = PBXGroup;
			children = (
				F40487F51C6D3C1700DAEF2D /* LaunchScreen.storyboard */,
			);
			path = Storyboards;
			sourceTree = "<group>";
		};
		F40487F91C6D3C1700DAEF2D /* SupportingFiles */ = {
			isa = PBXGroup;
			children = (
				F40487FA1C6D3C1700DAEF2D /* Info.plist */,
				F40487FB1C6D3C1700DAEF2D /* main.m */,
			);
			path = SupportingFiles;
			sourceTree = "<group>";
		};
		F40487FC1C6D3C1700DAEF2D /* ViewControllers */ = {
			isa = PBXGroup;
			children = (
				F40487FD1C6D3C1700DAEF2D /* Questions */,
			);
			path = ViewControllers;
			sourceTree = "<group>";
		};
		F40487FD1C6D3C1700DAEF2D /* Questions */ = {
			isa = PBXGroup;
			children = (
				F40488071C6D3F5D00DAEF2D /* Cells */,
				F40487FE1C6D3C1700DAEF2D /* PTEQuestionViewController.h */,
				F40487FF1C6D3C1700DAEF2D /* PTEQuestionViewController.m */,
				F47510521C7A3C2E00C6E3D1 /* Views */,
			);
			path = Questions;
			sourceTree = "<group>";
		};
		F40488071C6D3F5D00DAEF2D /* Cells */ = {
			isa = PBXGroup;
			children = (
				F40488081C6D3F5D00DAEF2D /* Question */,
			);
			path = Cells;
			sourceTree = "<group>";
		};
		F40488081C6D3F5D00DAEF2D /* Question */ = {
			isa = PBXGroup;
			children = (
				F404880C1C6D421300DAEF2D /* PTEQuestionTableViewCell.h */,
				F404880D1C6D421300DAEF2D /* PTEQuestionTableViewCell.m */,
			);
			path = Question;
			sourceTree = "<group>";
		};
		F404880F1C6D424100DAEF2D /* Networking */ = {
			isa = PBXGroup;
			children = (
				F40488101C6D424100DAEF2D /* Question */,
			);
			path = Networking;
			sourceTree = "<group>";
		};
		F40488101C6D424100DAEF2D /* Question */ = {
			isa = PBXGroup;
			children = (
				4393CFFB1C7234C500AB67C2 /* Operations */,
				4393CFFF1C7234C500AB67C2 /* Parser */,
				F40488111C6D431800DAEF2D /* PTEQuestionsAPIManager.h */,
				F40488121C6D431800DAEF2D /* PTEQuestionsAPIManager.m */,
			);
			path = Question;
			sourceTree = "<group>";
		};
		F40488141C6D44A400DAEF2D /* Model */ = {
			isa = PBXGroup;
			children = (
				F40488151C6D44A400DAEF2D /* Feed */,
				F40488161C6D44A400DAEF2D /* Page */,
				F40488171C6D44A400DAEF2D /* Question */,
			);
			path = Model;
			sourceTree = "<group>";
		};
		F40488151C6D44A400DAEF2D /* Feed */ = {
			isa = PBXGroup;
			children = (
				F40488181C6D44B500DAEF2D /* PTEFeed.h */,
				F40488191C6D44B500DAEF2D /* PTEFeed.m */,
			);
			path = Feed;
			sourceTree = "<group>";
		};
		F40488161C6D44A400DAEF2D /* Page */ = {
			isa = PBXGroup;
			children = (
				F404881B1C6D44BF00DAEF2D /* PTEPage.h */,
				F404881C1C6D44BF00DAEF2D /* PTEPage.m */,
			);
			path = Page;
			sourceTree = "<group>";
		};
		F40488171C6D44A400DAEF2D /* Question */ = {
			isa = PBXGroup;
			children = (
				F404881E1C6D44CC00DAEF2D /* PTEQuestion.h */,
				F404881F1C6D44CC00DAEF2D /* PTEQuestion.m */,
			);
			path = Question;
			sourceTree = "<group>";
		};
		F47510521C7A3C2E00C6E3D1 /* Views */ = {
			isa = PBXGroup;
			children = (
				F47510531C7A3C2E00C6E3D1 /* Paginating */,
			);
			path = Views;
			sourceTree = "<group>";
		};
		F47510531C7A3C2E00C6E3D1 /* Paginating */ = {
			isa = PBXGroup;
			children = (
				F47510541C7A3C4500C6E3D1 /* PTETableViewPaginatingView.h */,
				F47510551C7A3C4500C6E3D1 /* PTETableViewPaginatingView.m */,
			);
			path = Paginating;
			sourceTree = "<group>";
		};
/* End PBXGroup section */

/* Begin PBXNativeTarget section */
		F40487C51C6D3B7A00DAEF2D /* PaginationThrowAwayExample */ = {
			isa = PBXNativeTarget;
			buildConfigurationList = F40487E81C6D3B7A00DAEF2D /* Build configuration list for PBXNativeTarget "PaginationThrowAwayExample" */;
			buildPhases = (
				15E45005779E666409AA2FF3 /* Check Pods Manifest.lock */,
				F40487C21C6D3B7A00DAEF2D /* Sources */,
				F40487C31C6D3B7A00DAEF2D /* Frameworks */,
				F40487C41C6D3B7A00DAEF2D /* Resources */,
				582A02BC8CF55453F252719B /* Embed Pods Frameworks */,
				C3D9D5E29EE9B090D0A08CAE /* Copy Pods Resources */,
			);
			buildRules = (
			);
			dependencies = (
			);
			name = PaginationThrowAwayExample;
			productName = PaginationThrowAwayExample;
			productReference = F40487C61C6D3B7A00DAEF2D /* PaginationThrowAwayExample.app */;
			productType = "com.apple.product-type.application";
		};
		F40487DE1C6D3B7A00DAEF2D /* PaginationThrowAwayExampleTests */ = {
			isa = PBXNativeTarget;
			buildConfigurationList = F40487EB1C6D3B7A00DAEF2D /* Build configuration list for PBXNativeTarget "PaginationThrowAwayExampleTests" */;
			buildPhases = (
				F40487DB1C6D3B7A00DAEF2D /* Sources */,
				F40487DC1C6D3B7A00DAEF2D /* Frameworks */,
				F40487DD1C6D3B7A00DAEF2D /* Resources */,
			);
			buildRules = (
			);
			dependencies = (
				F40487E11C6D3B7A00DAEF2D /* PBXTargetDependency */,
			);
			name = PaginationThrowAwayExampleTests;
			productName = PaginationThrowAwayExampleTests;
			productReference = F40487DF1C6D3B7A00DAEF2D /* PaginationThrowAwayExampleTests.xctest */;
			productType = "com.apple.product-type.bundle.unit-test";
		};
/* End PBXNativeTarget section */

/* Begin PBXProject section */
		F40487BE1C6D3B7A00DAEF2D /* Project object */ = {
			isa = PBXProject;
			attributes = {
				CLASSPREFIX = PTE;
				LastUpgradeCheck = 0720;
				ORGANIZATIONNAME = Boles;
				TargetAttributes = {
					F40487C51C6D3B7A00DAEF2D = {
						CreatedOnToolsVersion = 7.2.1;
					};
					F40487DE1C6D3B7A00DAEF2D = {
						CreatedOnToolsVersion = 7.2.1;
						TestTargetID = F40487C51C6D3B7A00DAEF2D;
					};
				};
			};
			buildConfigurationList = F40487C11C6D3B7A00DAEF2D /* Build configuration list for PBXProject "PaginationThrowAwayExample" */;
			compatibilityVersion = "Xcode 3.2";
			developmentRegion = English;
			hasScannedForEncodings = 0;
			knownRegions = (
				en,
				Base,
			);
			mainGroup = F40487BD1C6D3B7A00DAEF2D;
			productRefGroup = F40487C71C6D3B7A00DAEF2D /* Products */;
			projectDirPath = "";
			projectRoot = "";
			targets = (
				F40487C51C6D3B7A00DAEF2D /* PaginationThrowAwayExample */,
				F40487DE1C6D3B7A00DAEF2D /* PaginationThrowAwayExampleTests */,
			);
		};
/* End PBXProject section */

/* Begin PBXResourcesBuildPhase section */
		F40487C41C6D3B7A00DAEF2D /* Resources */ = {
			isa = PBXResourcesBuildPhase;
			buildActionMask = 2147483647;
			files = (
				F40488041C6D3C1700DAEF2D /* Info.plist in Resources */,
				F40488011C6D3C1700DAEF2D /* Assets.xcassets in Resources */,
				F40488021C6D3C1700DAEF2D /* LaunchScreen.storyboard in Resources */,
			);
			runOnlyForDeploymentPostprocessing = 0;
		};
		F40487DD1C6D3B7A00DAEF2D /* Resources */ = {
			isa = PBXResourcesBuildPhase;
			buildActionMask = 2147483647;
			files = (
			);
			runOnlyForDeploymentPostprocessing = 0;
		};
/* End PBXResourcesBuildPhase section */

/* Begin PBXShellScriptBuildPhase section */
		15E45005779E666409AA2FF3 /* Check Pods Manifest.lock */ = {
			isa = PBXShellScriptBuildPhase;
			buildActionMask = 2147483647;
			files = (
			);
			inputPaths = (
			);
			name = "Check Pods Manifest.lock";
			outputPaths = (
			);
			runOnlyForDeploymentPostprocessing = 0;
			shellPath = /bin/sh;
			shellScript = "diff \"${PODS_ROOT}/../Podfile.lock\" \"${PODS_ROOT}/Manifest.lock\" > /dev/null\nif [[ $? != 0 ]] ; then\n    cat << EOM\nerror: The sandbox is not in sync with the Podfile.lock. Run 'pod install' or update your CocoaPods installation.\nEOM\n    exit 1\nfi\n";
			showEnvVarsInLog = 0;
		};
		582A02BC8CF55453F252719B /* Embed Pods Frameworks */ = {
			isa = PBXShellScriptBuildPhase;
			buildActionMask = 2147483647;
			files = (
			);
			inputPaths = (
			);
			name = "Embed Pods Frameworks";
			outputPaths = (
			);
			runOnlyForDeploymentPostprocessing = 0;
			shellPath = /bin/sh;
			shellScript = "\"${SRCROOT}/Pods/Target Support Files/Pods/Pods-frameworks.sh\"\n";
			showEnvVarsInLog = 0;
		};
		C3D9D5E29EE9B090D0A08CAE /* Copy Pods Resources */ = {
			isa = PBXShellScriptBuildPhase;
			buildActionMask = 2147483647;
			files = (
			);
			inputPaths = (
			);
			name = "Copy Pods Resources";
			outputPaths = (
			);
			runOnlyForDeploymentPostprocessing = 0;
			shellPath = /bin/sh;
			shellScript = "\"${SRCROOT}/Pods/Target Support Files/Pods/Pods-resources.sh\"\n";
			showEnvVarsInLog = 0;
		};
/* End PBXShellScriptBuildPhase section */

/* Begin PBXSourcesBuildPhase section */
		F40487C21C6D3B7A00DAEF2D /* Sources */ = {
			isa = PBXSourcesBuildPhase;
			buildActionMask = 2147483647;
			files = (
				F47510561C7A3C4500C6E3D1 /* PTETableViewPaginatingView.m in Sources */,
				4393CFF71C72334700AB67C2 /* PTEQueueManager.m in Sources */,
				F40488061C6D3C1700DAEF2D /* PTEQuestionViewController.m in Sources */,
				4393D0011C7234C500AB67C2 /* PTEQuestionsRetrievalOperation.m in Sources */,
				F40488201C6D44CC00DAEF2D /* PTEQuestion.m in Sources */,
				F404881A1C6D44B500DAEF2D /* PTEFeed.m in Sources */,
				F40488131C6D431800DAEF2D /* PTEQuestionsAPIManager.m in Sources */,
				F404880E1C6D421300DAEF2D /* PTEQuestionTableViewCell.m in Sources */,
				F404881D1C6D44BF00DAEF2D /* PTEPage.m in Sources */,
				4393D0041C7236F800AB67C2 /* PTEQuestionParser.m in Sources */,
				F40488051C6D3C1700DAEF2D /* main.m in Sources */,
				F40488001C6D3C1700DAEF2D /* AppDelegate.m in Sources */,
			);
			runOnlyForDeploymentPostprocessing = 0;
		};
		F40487DB1C6D3B7A00DAEF2D /* Sources */ = {
			isa = PBXSourcesBuildPhase;
			buildActionMask = 2147483647;
			files = (
				F40487E41C6D3B7A00DAEF2D /* PaginationThrowAwayExampleTests.m in Sources */,
			);
			runOnlyForDeploymentPostprocessing = 0;
		};
/* End PBXSourcesBuildPhase section */

/* Begin PBXTargetDependency section */
		F40487E11C6D3B7A00DAEF2D /* PBXTargetDependency */ = {
			isa = PBXTargetDependency;
			target = F40487C51C6D3B7A00DAEF2D /* PaginationThrowAwayExample */;
			targetProxy = F40487E01C6D3B7A00DAEF2D /* PBXContainerItemProxy */;
		};
/* End PBXTargetDependency section */

/* Begin PBXVariantGroup section */
		F40487F51C6D3C1700DAEF2D /* LaunchScreen.storyboard */ = {
			isa = PBXVariantGroup;
			children = (
				F40487F61C6D3C1700DAEF2D /* Base */,
			);
			name = LaunchScreen.storyboard;
			sourceTree = "<group>";
		};
/* End PBXVariantGroup section */

/* Begin XCBuildConfiguration section */
		F40487E61C6D3B7A00DAEF2D /* Debug */ = {
			isa = XCBuildConfiguration;
			buildSettings = {
				ALWAYS_SEARCH_USER_PATHS = NO;
				CLANG_CXX_LANGUAGE_STANDARD = "gnu++0x";
				CLANG_CXX_LIBRARY = "libc++";
				CLANG_ENABLE_MODULES = YES;
				CLANG_ENABLE_OBJC_ARC = YES;
				CLANG_WARN_BOOL_CONVERSION = YES;
				CLANG_WARN_CONSTANT_CONVERSION = YES;
				CLANG_WARN_DIRECT_OBJC_ISA_USAGE = YES_ERROR;
				CLANG_WARN_EMPTY_BODY = YES;
				CLANG_WARN_ENUM_CONVERSION = YES;
				CLANG_WARN_INT_CONVERSION = YES;
				CLANG_WARN_OBJC_ROOT_CLASS = YES_ERROR;
				CLANG_WARN_UNREACHABLE_CODE = YES;
				CLANG_WARN__DUPLICATE_METHOD_MATCH = YES;
				"CODE_SIGN_IDENTITY[sdk=iphoneos*]" = "iPhone Developer";
				COPY_PHASE_STRIP = NO;
				DEBUG_INFORMATION_FORMAT = dwarf;
				ENABLE_STRICT_OBJC_MSGSEND = YES;
				ENABLE_TESTABILITY = YES;
				GCC_C_LANGUAGE_STANDARD = gnu99;
				GCC_DYNAMIC_NO_PIC = NO;
				GCC_NO_COMMON_BLOCKS = YES;
				GCC_OPTIMIZATION_LEVEL = 0;
				GCC_PREPROCESSOR_DEFINITIONS = (
					"DEBUG=1",
					"$(inherited)",
				);
				GCC_WARN_64_TO_32_BIT_CONVERSION = YES;
				GCC_WARN_ABOUT_RETURN_TYPE = YES_ERROR;
				GCC_WARN_UNDECLARED_SELECTOR = YES;
				GCC_WARN_UNINITIALIZED_AUTOS = YES_AGGRESSIVE;
				GCC_WARN_UNUSED_FUNCTION = YES;
				GCC_WARN_UNUSED_VARIABLE = YES;
				IPHONEOS_DEPLOYMENT_TARGET = 9.2;
				MTL_ENABLE_DEBUG_INFO = YES;
				ONLY_ACTIVE_ARCH = YES;
				SDKROOT = iphoneos;
				TARGETED_DEVICE_FAMILY = "1,2";
			};
			name = Debug;
		};
		F40487E71C6D3B7A00DAEF2D /* Release */ = {
			isa = XCBuildConfiguration;
			buildSettings = {
				ALWAYS_SEARCH_USER_PATHS = NO;
				CLANG_CXX_LANGUAGE_STANDARD = "gnu++0x";
				CLANG_CXX_LIBRARY = "libc++";
				CLANG_ENABLE_MODULES = YES;
				CLANG_ENABLE_OBJC_ARC = YES;
				CLANG_WARN_BOOL_CONVERSION = YES;
				CLANG_WARN_CONSTANT_CONVERSION = YES;
				CLANG_WARN_DIRECT_OBJC_ISA_USAGE = YES_ERROR;
				CLANG_WARN_EMPTY_BODY = YES;
				CLANG_WARN_ENUM_CONVERSION = YES;
				CLANG_WARN_INT_CONVERSION = YES;
				CLANG_WARN_OBJC_ROOT_CLASS = YES_ERROR;
				CLANG_WARN_UNREACHABLE_CODE = YES;
				CLANG_WARN__DUPLICATE_METHOD_MATCH = YES;
				"CODE_SIGN_IDENTITY[sdk=iphoneos*]" = "iPhone Developer";
				COPY_PHASE_STRIP = NO;
				DEBUG_INFORMATION_FORMAT = "dwarf-with-dsym";
				ENABLE_NS_ASSERTIONS = NO;
				ENABLE_STRICT_OBJC_MSGSEND = YES;
				GCC_C_LANGUAGE_STANDARD = gnu99;
				GCC_NO_COMMON_BLOCKS = YES;
				GCC_WARN_64_TO_32_BIT_CONVERSION = YES;
				GCC_WARN_ABOUT_RETURN_TYPE = YES_ERROR;
				GCC_WARN_UNDECLARED_SELECTOR = YES;
				GCC_WARN_UNINITIALIZED_AUTOS = YES_AGGRESSIVE;
				GCC_WARN_UNUSED_FUNCTION = YES;
				GCC_WARN_UNUSED_VARIABLE = YES;
				IPHONEOS_DEPLOYMENT_TARGET = 9.2;
				MTL_ENABLE_DEBUG_INFO = NO;
				SDKROOT = iphoneos;
				TARGETED_DEVICE_FAMILY = "1,2";
				VALIDATE_PRODUCT = YES;
			};
			name = Release;
		};
		F40487E91C6D3B7A00DAEF2D /* Debug */ = {
			isa = XCBuildConfiguration;
			baseConfigurationReference = 77121B225FE12256D2CB9AD4 /* Pods.debug.xcconfig */;
			buildSettings = {
				ASSETCATALOG_COMPILER_APPICON_NAME = AppIcon;
				INFOPLIST_FILE = PaginationThrowAwayExample/SupportingFiles/Info.plist;
				LD_RUNPATH_SEARCH_PATHS = "$(inherited) @executable_path/Frameworks";
				PRODUCT_BUNDLE_IDENTIFIER = com.williamboles.paginationthrowawayexample.PaginationThrowAwayExample;
				PRODUCT_NAME = "$(TARGET_NAME)";
			};
			name = Debug;
		};
		F40487EA1C6D3B7A00DAEF2D /* Release */ = {
			isa = XCBuildConfiguration;
			baseConfigurationReference = 231F499312CACD1767AA4D17 /* Pods.release.xcconfig */;
			buildSettings = {
				ASSETCATALOG_COMPILER_APPICON_NAME = AppIcon;
				INFOPLIST_FILE = PaginationThrowAwayExample/SupportingFiles/Info.plist;
				LD_RUNPATH_SEARCH_PATHS = "$(inherited) @executable_path/Frameworks";
				PRODUCT_BUNDLE_IDENTIFIER = com.williamboles.paginationthrowawayexample.PaginationThrowAwayExample;
				PRODUCT_NAME = "$(TARGET_NAME)";
			};
			name = Release;
		};
		F40487EC1C6D3B7A00DAEF2D /* Debug */ = {
			isa = XCBuildConfiguration;
			buildSettings = {
				BUNDLE_LOADER = "$(TEST_HOST)";
				INFOPLIST_FILE = PaginationThrowAwayExampleTests/Info.plist;
				LD_RUNPATH_SEARCH_PATHS = "$(inherited) @executable_path/Frameworks @loader_path/Frameworks";
				PRODUCT_BUNDLE_IDENTIFIER = com.williamboles.paginationthrowawayexample.PaginationThrowAwayExampleTests;
				PRODUCT_NAME = "$(TARGET_NAME)";
				TEST_HOST = "$(BUILT_PRODUCTS_DIR)/PaginationThrowAwayExample.app/PaginationThrowAwayExample";
			};
			name = Debug;
		};
		F40487ED1C6D3B7A00DAEF2D /* Release */ = {
			isa = XCBuildConfiguration;
			buildSettings = {
				BUNDLE_LOADER = "$(TEST_HOST)";
				INFOPLIST_FILE = PaginationThrowAwayExampleTests/Info.plist;
				LD_RUNPATH_SEARCH_PATHS = "$(inherited) @executable_path/Frameworks @loader_path/Frameworks";
				PRODUCT_BUNDLE_IDENTIFIER = com.williamboles.paginationthrowawayexample.PaginationThrowAwayExampleTests;
				PRODUCT_NAME = "$(TARGET_NAME)";
				TEST_HOST = "$(BUILT_PRODUCTS_DIR)/PaginationThrowAwayExample.app/PaginationThrowAwayExample";
			};
			name = Release;
		};
/* End XCBuildConfiguration section */

/* Begin XCConfigurationList section */
		F40487C11C6D3B7A00DAEF2D /* Build configuration list for PBXProject "PaginationThrowAwayExample" */ = {
			isa = XCConfigurationList;
			buildConfigurations = (
				F40487E61C6D3B7A00DAEF2D /* Debug */,
				F40487E71C6D3B7A00DAEF2D /* Release */,
			);
			defaultConfigurationIsVisible = 0;
			defaultConfigurationName = Release;
		};
		F40487E81C6D3B7A00DAEF2D /* Build configuration list for PBXNativeTarget "PaginationThrowAwayExample" */ = {
			isa = XCConfigurationList;
			buildConfigurations = (
				F40487E91C6D3B7A00DAEF2D /* Debug */,
				F40487EA1C6D3B7A00DAEF2D /* Release */,
			);
			defaultConfigurationIsVisible = 0;
			defaultConfigurationName = Release;
		};
		F40487EB1C6D3B7A00DAEF2D /* Build configuration list for PBXNativeTarget "PaginationThrowAwayExampleTests" */ = {
			isa = XCConfigurationList;
			buildConfigurations = (
				F40487EC1C6D3B7A00DAEF2D /* Debug */,
				F40487ED1C6D3B7A00DAEF2D /* Release */,
			);
			defaultConfigurationIsVisible = 0;
			defaultConfigurationName = Release;
		};
/* End XCConfigurationList section */
	};
	rootObject = F40487BE1C6D3B7A00DAEF2D /* Project object */;
}
